// !$*UTF8*$!
{
	archiveVersion = 1;
	classes = {
	};
	objectVersion = 55;
	objects = {

/* Begin PBXBuildFile section */
		3E706FEC28AAC23100B4EFD2 /* DonationView.swift in Sources */ = {isa = PBXBuildFile; fileRef = 3E706FEB28AAC23100B4EFD2 /* DonationView.swift */; };
		3E706FEE28AAD9B800B4EFD2 /* Color+AppColors.swift in Sources */ = {isa = PBXBuildFile; fileRef = 3E706FED28AAD9B800B4EFD2 /* Color+AppColors.swift */; };
		3E78E4DD28A975CC00FC7D57 /* ApplePayTestApp.swift in Sources */ = {isa = PBXBuildFile; fileRef = 3E78E4DC28A975CC00FC7D57 /* ApplePayTestApp.swift */; };
		3E78E4DF28A975CC00FC7D57 /* ContentView.swift in Sources */ = {isa = PBXBuildFile; fileRef = 3E78E4DE28A975CC00FC7D57 /* ContentView.swift */; };
		3E78E4E128A975CE00FC7D57 /* Assets.xcassets in Resources */ = {isa = PBXBuildFile; fileRef = 3E78E4E028A975CE00FC7D57 /* Assets.xcassets */; };
		3E78E4E428A975CE00FC7D57 /* Preview Assets.xcassets in Resources */ = {isa = PBXBuildFile; fileRef = 3E78E4E328A975CE00FC7D57 /* Preview Assets.xcassets */; };
		3E78E4EE28A975CE00FC7D57 /* ApplePayTestTests.swift in Sources */ = {isa = PBXBuildFile; fileRef = 3E78E4ED28A975CE00FC7D57 /* ApplePayTestTests.swift */; };
		3E78E4F828A975CE00FC7D57 /* ApplePayTestUITests.swift in Sources */ = {isa = PBXBuildFile; fileRef = 3E78E4F728A975CE00FC7D57 /* ApplePayTestUITests.swift */; };
		3E78E4FA28A975CE00FC7D57 /* ApplePayTestUITestsLaunchTests.swift in Sources */ = {isa = PBXBuildFile; fileRef = 3E78E4F928A975CE00FC7D57 /* ApplePayTestUITestsLaunchTests.swift */; };
		3E78E50828A9829C00FC7D57 /* ApplePayButton.swift in Sources */ = {isa = PBXBuildFile; fileRef = 3E78E50728A9829C00FC7D57 /* ApplePayButton.swift */; };
		3E78E50A28A9850600FC7D57 /* ApplePayViewModel.swift in Sources */ = {isa = PBXBuildFile; fileRef = 3E78E50928A9850600FC7D57 /* ApplePayViewModel.swift */; };
		3E78E50C28A985ED00FC7D57 /* PaymentHandler.swift in Sources */ = {isa = PBXBuildFile; fileRef = 3E78E50B28A985ED00FC7D57 /* PaymentHandler.swift */; };
		3E78E50E28A9884E00FC7D57 /* Donation.swift in Sources */ = {isa = PBXBuildFile; fileRef = 3E78E50D28A9884E00FC7D57 /* Donation.swift */; };
		3E78E51028A98C1000FC7D57 /* Configuration.swift in Sources */ = {isa = PBXBuildFile; fileRef = 3E78E50F28A98C1000FC7D57 /* Configuration.swift */; };
		3EFBCC4028AAD2E600F85DC8 /* Double+FormattedString.swift in Sources */ = {isa = PBXBuildFile; fileRef = 3EFBCC3F28AAD2E600F85DC8 /* Double+FormattedString.swift */; };
/* End PBXBuildFile section */

/* Begin PBXContainerItemProxy section */
		3E78E4EA28A975CE00FC7D57 /* PBXContainerItemProxy */ = {
			isa = PBXContainerItemProxy;
			containerPortal = 3E78E4D128A975CC00FC7D57 /* Project object */;
			proxyType = 1;
			remoteGlobalIDString = 3E78E4D828A975CC00FC7D57;
			remoteInfo = ApplePayTest;
		};
		3E78E4F428A975CE00FC7D57 /* PBXContainerItemProxy */ = {
			isa = PBXContainerItemProxy;
			containerPortal = 3E78E4D128A975CC00FC7D57 /* Project object */;
			proxyType = 1;
			remoteGlobalIDString = 3E78E4D828A975CC00FC7D57;
			remoteInfo = ApplePayTest;
		};
/* End PBXContainerItemProxy section */

/* Begin PBXFileReference section */
		3E706FEB28AAC23100B4EFD2 /* DonationView.swift */ = {isa = PBXFileReference; lastKnownFileType = sourcecode.swift; path = DonationView.swift; sourceTree = "<group>"; };
		3E706FED28AAD9B800B4EFD2 /* Color+AppColors.swift */ = {isa = PBXFileReference; lastKnownFileType = sourcecode.swift; path = "Color+AppColors.swift"; sourceTree = "<group>"; };
		3E78E4D928A975CC00FC7D57 /* ApplePayTest.app */ = {isa = PBXFileReference; explicitFileType = wrapper.application; includeInIndex = 0; path = ApplePayTest.app; sourceTree = BUILT_PRODUCTS_DIR; };
		3E78E4DC28A975CC00FC7D57 /* ApplePayTestApp.swift */ = {isa = PBXFileReference; lastKnownFileType = sourcecode.swift; path = ApplePayTestApp.swift; sourceTree = "<group>"; };
		3E78E4DE28A975CC00FC7D57 /* ContentView.swift */ = {isa = PBXFileReference; lastKnownFileType = sourcecode.swift; path = ContentView.swift; sourceTree = "<group>"; };
		3E78E4E028A975CE00FC7D57 /* Assets.xcassets */ = {isa = PBXFileReference; lastKnownFileType = folder.assetcatalog; path = Assets.xcassets; sourceTree = "<group>"; };
		3E78E4E328A975CE00FC7D57 /* Preview Assets.xcassets */ = {isa = PBXFileReference; lastKnownFileType = folder.assetcatalog; path = "Preview Assets.xcassets"; sourceTree = "<group>"; };
		3E78E4E928A975CE00FC7D57 /* ApplePayTestTests.xctest */ = {isa = PBXFileReference; explicitFileType = wrapper.cfbundle; includeInIndex = 0; path = ApplePayTestTests.xctest; sourceTree = BUILT_PRODUCTS_DIR; };
		3E78E4ED28A975CE00FC7D57 /* ApplePayTestTests.swift */ = {isa = PBXFileReference; lastKnownFileType = sourcecode.swift; path = ApplePayTestTests.swift; sourceTree = "<group>"; };
		3E78E4F328A975CE00FC7D57 /* ApplePayTestUITests.xctest */ = {isa = PBXFileReference; explicitFileType = wrapper.cfbundle; includeInIndex = 0; path = ApplePayTestUITests.xctest; sourceTree = BUILT_PRODUCTS_DIR; };
		3E78E4F728A975CE00FC7D57 /* ApplePayTestUITests.swift */ = {isa = PBXFileReference; lastKnownFileType = sourcecode.swift; path = ApplePayTestUITests.swift; sourceTree = "<group>"; };
		3E78E4F928A975CE00FC7D57 /* ApplePayTestUITestsLaunchTests.swift */ = {isa = PBXFileReference; lastKnownFileType = sourcecode.swift; path = ApplePayTestUITestsLaunchTests.swift; sourceTree = "<group>"; };
		3E78E50628A9821000FC7D57 /* ApplePayTest.entitlements */ = {isa = PBXFileReference; lastKnownFileType = text.plist.entitlements; path = ApplePayTest.entitlements; sourceTree = "<group>"; };
		3E78E50728A9829C00FC7D57 /* ApplePayButton.swift */ = {isa = PBXFileReference; lastKnownFileType = sourcecode.swift; path = ApplePayButton.swift; sourceTree = "<group>"; };
		3E78E50928A9850600FC7D57 /* ApplePayViewModel.swift */ = {isa = PBXFileReference; lastKnownFileType = sourcecode.swift; path = ApplePayViewModel.swift; sourceTree = "<group>"; };
		3E78E50B28A985ED00FC7D57 /* PaymentHandler.swift */ = {isa = PBXFileReference; lastKnownFileType = sourcecode.swift; path = PaymentHandler.swift; sourceTree = "<group>"; };
		3E78E50D28A9884E00FC7D57 /* Donation.swift */ = {isa = PBXFileReference; lastKnownFileType = sourcecode.swift; path = Donation.swift; sourceTree = "<group>"; };
		3E78E50F28A98C1000FC7D57 /* Configuration.swift */ = {isa = PBXFileReference; lastKnownFileType = sourcecode.swift; path = Configuration.swift; sourceTree = "<group>"; };
		3EFBCC3F28AAD2E600F85DC8 /* Double+FormattedString.swift */ = {isa = PBXFileReference; lastKnownFileType = sourcecode.swift; path = "Double+FormattedString.swift"; sourceTree = "<group>"; };
/* End PBXFileReference section */

/* Begin PBXFrameworksBuildPhase section */
		3E78E4D628A975CC00FC7D57 /* Frameworks */ = {
			isa = PBXFrameworksBuildPhase;
			buildActionMask = 2147483647;
			files = (
			);
			runOnlyForDeploymentPostprocessing = 0;
		};
		3E78E4E628A975CE00FC7D57 /* Frameworks */ = {
			isa = PBXFrameworksBuildPhase;
			buildActionMask = 2147483647;
			files = (
			);
			runOnlyForDeploymentPostprocessing = 0;
		};
		3E78E4F028A975CE00FC7D57 /* Frameworks */ = {
			isa = PBXFrameworksBuildPhase;
			buildActionMask = 2147483647;
			files = (
			);
			runOnlyForDeploymentPostprocessing = 0;
		};
/* End PBXFrameworksBuildPhase section */

/* Begin PBXGroup section */
		3E78E4D028A975CC00FC7D57 = {
			isa = PBXGroup;
			children = (
				3E78E4DB28A975CC00FC7D57 /* ApplePayTest */,
				3E78E4EC28A975CE00FC7D57 /* ApplePayTestTests */,
				3E78E4F628A975CE00FC7D57 /* ApplePayTestUITests */,
				3E78E4DA28A975CC00FC7D57 /* Products */,
			);
			sourceTree = "<group>";
		};
		3E78E4DA28A975CC00FC7D57 /* Products */ = {
			isa = PBXGroup;
			children = (
				3E78E4D928A975CC00FC7D57 /* ApplePayTest.app */,
				3E78E4E928A975CE00FC7D57 /* ApplePayTestTests.xctest */,
				3E78E4F328A975CE00FC7D57 /* ApplePayTestUITests.xctest */,
			);
			name = Products;
			sourceTree = "<group>";
		};
		3E78E4DB28A975CC00FC7D57 /* ApplePayTest */ = {
			isa = PBXGroup;
			children = (
				3EFBCC4128AAD2EA00F85DC8 /* Extensions */,
				3E78E50628A9821000FC7D57 /* ApplePayTest.entitlements */,
				3E78E4DC28A975CC00FC7D57 /* ApplePayTestApp.swift */,
				3E78E4DE28A975CC00FC7D57 /* ContentView.swift */,
				3E706FEB28AAC23100B4EFD2 /* DonationView.swift */,
				3E78E50728A9829C00FC7D57 /* ApplePayButton.swift */,
				3E78E50928A9850600FC7D57 /* ApplePayViewModel.swift */,
				3E78E50B28A985ED00FC7D57 /* PaymentHandler.swift */,
				3E78E50F28A98C1000FC7D57 /* Configuration.swift */,
				3E78E50D28A9884E00FC7D57 /* Donation.swift */,
				3E78E4E028A975CE00FC7D57 /* Assets.xcassets */,
				3E78E4E228A975CE00FC7D57 /* Preview Content */,
			);
			path = ApplePayTest;
			sourceTree = "<group>";
		};
		3E78E4E228A975CE00FC7D57 /* Preview Content */ = {
			isa = PBXGroup;
			children = (
				3E78E4E328A975CE00FC7D57 /* Preview Assets.xcassets */,
			);
			path = "Preview Content";
			sourceTree = "<group>";
		};
		3E78E4EC28A975CE00FC7D57 /* ApplePayTestTests */ = {
			isa = PBXGroup;
			children = (
				3E78E4ED28A975CE00FC7D57 /* ApplePayTestTests.swift */,
			);
			path = ApplePayTestTests;
			sourceTree = "<group>";
		};
		3E78E4F628A975CE00FC7D57 /* ApplePayTestUITests */ = {
			isa = PBXGroup;
			children = (
				3E78E4F728A975CE00FC7D57 /* ApplePayTestUITests.swift */,
				3E78E4F928A975CE00FC7D57 /* ApplePayTestUITestsLaunchTests.swift */,
			);
			path = ApplePayTestUITests;
			sourceTree = "<group>";
		};
		3EFBCC4128AAD2EA00F85DC8 /* Extensions */ = {
			isa = PBXGroup;
			children = (
				3EFBCC3F28AAD2E600F85DC8 /* Double+FormattedString.swift */,
				3E706FED28AAD9B800B4EFD2 /* Color+AppColors.swift */,
			);
			path = Extensions;
			sourceTree = "<group>";
		};
/* End PBXGroup section */

/* Begin PBXNativeTarget section */
		3E78E4D828A975CC00FC7D57 /* ApplePayTest */ = {
			isa = PBXNativeTarget;
			buildConfigurationList = 3E78E4FD28A975CE00FC7D57 /* Build configuration list for PBXNativeTarget "ApplePayTest" */;
			buildPhases = (
				3E78E4D528A975CC00FC7D57 /* Sources */,
				3E78E4D628A975CC00FC7D57 /* Frameworks */,
				3E78E4D728A975CC00FC7D57 /* Resources */,
			);
			buildRules = (
			);
			dependencies = (
			);
			name = ApplePayTest;
			productName = ApplePayTest;
			productReference = 3E78E4D928A975CC00FC7D57 /* ApplePayTest.app */;
			productType = "com.apple.product-type.application";
		};
		3E78E4E828A975CE00FC7D57 /* ApplePayTestTests */ = {
			isa = PBXNativeTarget;
			buildConfigurationList = 3E78E50028A975CE00FC7D57 /* Build configuration list for PBXNativeTarget "ApplePayTestTests" */;
			buildPhases = (
				3E78E4E528A975CE00FC7D57 /* Sources */,
				3E78E4E628A975CE00FC7D57 /* Frameworks */,
				3E78E4E728A975CE00FC7D57 /* Resources */,
			);
			buildRules = (
			);
			dependencies = (
				3E78E4EB28A975CE00FC7D57 /* PBXTargetDependency */,
			);
			name = ApplePayTestTests;
			productName = ApplePayTestTests;
			productReference = 3E78E4E928A975CE00FC7D57 /* ApplePayTestTests.xctest */;
			productType = "com.apple.product-type.bundle.unit-test";
		};
		3E78E4F228A975CE00FC7D57 /* ApplePayTestUITests */ = {
			isa = PBXNativeTarget;
			buildConfigurationList = 3E78E50328A975CE00FC7D57 /* Build configuration list for PBXNativeTarget "ApplePayTestUITests" */;
			buildPhases = (
				3E78E4EF28A975CE00FC7D57 /* Sources */,
				3E78E4F028A975CE00FC7D57 /* Frameworks */,
				3E78E4F128A975CE00FC7D57 /* Resources */,
			);
			buildRules = (
			);
			dependencies = (
				3E78E4F528A975CE00FC7D57 /* PBXTargetDependency */,
			);
			name = ApplePayTestUITests;
			productName = ApplePayTestUITests;
			productReference = 3E78E4F328A975CE00FC7D57 /* ApplePayTestUITests.xctest */;
			productType = "com.apple.product-type.bundle.ui-testing";
		};
/* End PBXNativeTarget section */

/* Begin PBXProject section */
		3E78E4D128A975CC00FC7D57 /* Project object */ = {
			isa = PBXProject;
			attributes = {
				BuildIndependentTargetsInParallel = 1;
				LastSwiftUpdateCheck = 1330;
				LastUpgradeCheck = 1330;
				TargetAttributes = {
					3E78E4D828A975CC00FC7D57 = {
						CreatedOnToolsVersion = 13.3.1;
					};
					3E78E4E828A975CE00FC7D57 = {
						CreatedOnToolsVersion = 13.3.1;
						TestTargetID = 3E78E4D828A975CC00FC7D57;
					};
					3E78E4F228A975CE00FC7D57 = {
						CreatedOnToolsVersion = 13.3.1;
						TestTargetID = 3E78E4D828A975CC00FC7D57;
					};
				};
			};
			buildConfigurationList = 3E78E4D428A975CC00FC7D57 /* Build configuration list for PBXProject "ApplePayTest" */;
			compatibilityVersion = "Xcode 13.0";
			developmentRegion = en;
			hasScannedForEncodings = 0;
			knownRegions = (
				en,
				Base,
			);
			mainGroup = 3E78E4D028A975CC00FC7D57;
			productRefGroup = 3E78E4DA28A975CC00FC7D57 /* Products */;
			projectDirPath = "";
			projectRoot = "";
			targets = (
				3E78E4D828A975CC00FC7D57 /* ApplePayTest */,
				3E78E4E828A975CE00FC7D57 /* ApplePayTestTests */,
				3E78E4F228A975CE00FC7D57 /* ApplePayTestUITests */,
			);
		};
/* End PBXProject section */

/* Begin PBXResourcesBuildPhase section */
		3E78E4D728A975CC00FC7D57 /* Resources */ = {
			isa = PBXResourcesBuildPhase;
			buildActionMask = 2147483647;
			files = (
				3E78E4E428A975CE00FC7D57 /* Preview Assets.xcassets in Resources */,
				3E78E4E128A975CE00FC7D57 /* Assets.xcassets in Resources */,
			);
			runOnlyForDeploymentPostprocessing = 0;
		};
		3E78E4E728A975CE00FC7D57 /* Resources */ = {
			isa = PBXResourcesBuildPhase;
			buildActionMask = 2147483647;
			files = (
			);
			runOnlyForDeploymentPostprocessing = 0;
		};
		3E78E4F128A975CE00FC7D57 /* Resources */ = {
			isa = PBXResourcesBuildPhase;
			buildActionMask = 2147483647;
			files = (
			);
			runOnlyForDeploymentPostprocessing = 0;
		};
/* End PBXResourcesBuildPhase section */

/* Begin PBXSourcesBuildPhase section */
		3E78E4D528A975CC00FC7D57 /* Sources */ = {
			isa = PBXSourcesBuildPhase;
			buildActionMask = 2147483647;
			files = (
				3E78E50828A9829C00FC7D57 /* ApplePayButton.swift in Sources */,
				3E78E50C28A985ED00FC7D57 /* PaymentHandler.swift in Sources */,
				3E78E51028A98C1000FC7D57 /* Configuration.swift in Sources */,
				3E78E4DF28A975CC00FC7D57 /* ContentView.swift in Sources */,
				3E706FEC28AAC23100B4EFD2 /* DonationView.swift in Sources */,
				3E78E50E28A9884E00FC7D57 /* Donation.swift in Sources */,
				3EFBCC4028AAD2E600F85DC8 /* Double+FormattedString.swift in Sources */,
				3E78E50A28A9850600FC7D57 /* ApplePayViewModel.swift in Sources */,
				3E78E4DD28A975CC00FC7D57 /* ApplePayTestApp.swift in Sources */,
				3E706FEE28AAD9B800B4EFD2 /* Color+AppColors.swift in Sources */,
			);
			runOnlyForDeploymentPostprocessing = 0;
		};
		3E78E4E528A975CE00FC7D57 /* Sources */ = {
			isa = PBXSourcesBuildPhase;
			buildActionMask = 2147483647;
			files = (
				3E78E4EE28A975CE00FC7D57 /* ApplePayTestTests.swift in Sources */,
			);
			runOnlyForDeploymentPostprocessing = 0;
		};
		3E78E4EF28A975CE00FC7D57 /* Sources */ = {
			isa = PBXSourcesBuildPhase;
			buildActionMask = 2147483647;
			files = (
				3E78E4FA28A975CE00FC7D57 /* ApplePayTestUITestsLaunchTests.swift in Sources */,
				3E78E4F828A975CE00FC7D57 /* ApplePayTestUITests.swift in Sources */,
			);
			runOnlyForDeploymentPostprocessing = 0;
		};
/* End PBXSourcesBuildPhase section */

/* Begin PBXTargetDependency section */
		3E78E4EB28A975CE00FC7D57 /* PBXTargetDependency */ = {
			isa = PBXTargetDependency;
			target = 3E78E4D828A975CC00FC7D57 /* ApplePayTest */;
			targetProxy = 3E78E4EA28A975CE00FC7D57 /* PBXContainerItemProxy */;
		};
		3E78E4F528A975CE00FC7D57 /* PBXTargetDependency */ = {
			isa = PBXTargetDependency;
			target = 3E78E4D828A975CC00FC7D57 /* ApplePayTest */;
			targetProxy = 3E78E4F428A975CE00FC7D57 /* PBXContainerItemProxy */;
		};
/* End PBXTargetDependency section */

/* Begin XCBuildConfiguration section */
		3E78E4FB28A975CE00FC7D57 /* Debug */ = {
			isa = XCBuildConfiguration;
			buildSettings = {
				ALWAYS_SEARCH_USER_PATHS = NO;
				CLANG_ANALYZER_NONNULL = YES;
				CLANG_ANALYZER_NUMBER_OBJECT_CONVERSION = YES_AGGRESSIVE;
				CLANG_CXX_LANGUAGE_STANDARD = "gnu++17";
				CLANG_ENABLE_MODULES = YES;
				CLANG_ENABLE_OBJC_ARC = YES;
				CLANG_ENABLE_OBJC_WEAK = YES;
				CLANG_WARN_BLOCK_CAPTURE_AUTORELEASING = YES;
				CLANG_WARN_BOOL_CONVERSION = YES;
				CLANG_WARN_COMMA = YES;
				CLANG_WARN_CONSTANT_CONVERSION = YES;
				CLANG_WARN_DEPRECATED_OBJC_IMPLEMENTATIONS = YES;
				CLANG_WARN_DIRECT_OBJC_ISA_USAGE = YES_ERROR;
				CLANG_WARN_DOCUMENTATION_COMMENTS = YES;
				CLANG_WARN_EMPTY_BODY = YES;
				CLANG_WARN_ENUM_CONVERSION = YES;
				CLANG_WARN_INFINITE_RECURSION = YES;
				CLANG_WARN_INT_CONVERSION = YES;
				CLANG_WARN_NON_LITERAL_NULL_CONVERSION = YES;
				CLANG_WARN_OBJC_IMPLICIT_RETAIN_SELF = YES;
				CLANG_WARN_OBJC_LITERAL_CONVERSION = YES;
				CLANG_WARN_OBJC_ROOT_CLASS = YES_ERROR;
				CLANG_WARN_QUOTED_INCLUDE_IN_FRAMEWORK_HEADER = YES;
				CLANG_WARN_RANGE_LOOP_ANALYSIS = YES;
				CLANG_WARN_STRICT_PROTOTYPES = YES;
				CLANG_WARN_SUSPICIOUS_MOVE = YES;
				CLANG_WARN_UNGUARDED_AVAILABILITY = YES_AGGRESSIVE;
				CLANG_WARN_UNREACHABLE_CODE = YES;
				CLANG_WARN__DUPLICATE_METHOD_MATCH = YES;
				COPY_PHASE_STRIP = NO;
				DEBUG_INFORMATION_FORMAT = dwarf;
				ENABLE_STRICT_OBJC_MSGSEND = YES;
				ENABLE_TESTABILITY = YES;
				GCC_C_LANGUAGE_STANDARD = gnu11;
				GCC_DYNAMIC_NO_PIC = NO;
				GCC_NO_COMMON_BLOCKS = YES;
				GCC_OPTIMIZATION_LEVEL = 0;
				GCC_PREPROCESSOR_DEFINITIONS = (
					"DEBUG=1",
					"$(inherited)",
				);
				GCC_WARN_64_TO_32_BIT_CONVERSION = YES;
				GCC_WARN_ABOUT_RETURN_TYPE = YES_ERROR;
				GCC_WARN_UNDECLARED_SELECTOR = YES;
				GCC_WARN_UNINITIALIZED_AUTOS = YES_AGGRESSIVE;
				GCC_WARN_UNUSED_FUNCTION = YES;
				GCC_WARN_UNUSED_VARIABLE = YES;
				IPHONEOS_DEPLOYMENT_TARGET = 15.4;
				MTL_ENABLE_DEBUG_INFO = INCLUDE_SOURCE;
				MTL_FAST_MATH = YES;
				ONLY_ACTIVE_ARCH = YES;
				SDKROOT = iphoneos;
				SWIFT_ACTIVE_COMPILATION_CONDITIONS = DEBUG;
				SWIFT_OPTIMIZATION_LEVEL = "-Onone";
			};
			name = Debug;
		};
		3E78E4FC28A975CE00FC7D57 /* Release */ = {
			isa = XCBuildConfiguration;
			buildSettings = {
				ALWAYS_SEARCH_USER_PATHS = NO;
				CLANG_ANALYZER_NONNULL = YES;
				CLANG_ANALYZER_NUMBER_OBJECT_CONVERSION = YES_AGGRESSIVE;
				CLANG_CXX_LANGUAGE_STANDARD = "gnu++17";
				CLANG_ENABLE_MODULES = YES;
				CLANG_ENABLE_OBJC_ARC = YES;
				CLANG_ENABLE_OBJC_WEAK = YES;
				CLANG_WARN_BLOCK_CAPTURE_AUTORELEASING = YES;
				CLANG_WARN_BOOL_CONVERSION = YES;
				CLANG_WARN_COMMA = YES;
				CLANG_WARN_CONSTANT_CONVERSION = YES;
				CLANG_WARN_DEPRECATED_OBJC_IMPLEMENTATIONS = YES;
				CLANG_WARN_DIRECT_OBJC_ISA_USAGE = YES_ERROR;
				CLANG_WARN_DOCUMENTATION_COMMENTS = YES;
				CLANG_WARN_EMPTY_BODY = YES;
				CLANG_WARN_ENUM_CONVERSION = YES;
				CLANG_WARN_INFINITE_RECURSION = YES;
				CLANG_WARN_INT_CONVERSION = YES;
				CLANG_WARN_NON_LITERAL_NULL_CONVERSION = YES;
				CLANG_WARN_OBJC_IMPLICIT_RETAIN_SELF = YES;
				CLANG_WARN_OBJC_LITERAL_CONVERSION = YES;
				CLANG_WARN_OBJC_ROOT_CLASS = YES_ERROR;
				CLANG_WARN_QUOTED_INCLUDE_IN_FRAMEWORK_HEADER = YES;
				CLANG_WARN_RANGE_LOOP_ANALYSIS = YES;
				CLANG_WARN_STRICT_PROTOTYPES = YES;
				CLANG_WARN_SUSPICIOUS_MOVE = YES;
				CLANG_WARN_UNGUARDED_AVAILABILITY = YES_AGGRESSIVE;
				CLANG_WARN_UNREACHABLE_CODE = YES;
				CLANG_WARN__DUPLICATE_METHOD_MATCH = YES;
				COPY_PHASE_STRIP = NO;
				DEBUG_INFORMATION_FORMAT = "dwarf-with-dsym";
				ENABLE_NS_ASSERTIONS = NO;
				ENABLE_STRICT_OBJC_MSGSEND = YES;
				GCC_C_LANGUAGE_STANDARD = gnu11;
				GCC_NO_COMMON_BLOCKS = YES;
				GCC_WARN_64_TO_32_BIT_CONVERSION = YES;
				GCC_WARN_ABOUT_RETURN_TYPE = YES_ERROR;
				GCC_WARN_UNDECLARED_SELECTOR = YES;
				GCC_WARN_UNINITIALIZED_AUTOS = YES_AGGRESSIVE;
				GCC_WARN_UNUSED_FUNCTION = YES;
				GCC_WARN_UNUSED_VARIABLE = YES;
				IPHONEOS_DEPLOYMENT_TARGET = 15.4;
				MTL_ENABLE_DEBUG_INFO = NO;
				MTL_FAST_MATH = YES;
				SDKROOT = iphoneos;
				SWIFT_COMPILATION_MODE = wholemodule;
				SWIFT_OPTIMIZATION_LEVEL = "-O";
				VALIDATE_PRODUCT = YES;
			};
			name = Release;
		};
		3E78E4FE28A975CE00FC7D57 /* Debug */ = {
			isa = XCBuildConfiguration;
			buildSettings = {
				ASSETCATALOG_COMPILER_APPICON_NAME = AppIcon;
				ASSETCATALOG_COMPILER_GLOBAL_ACCENT_COLOR_NAME = AccentColor;
				CODE_SIGN_ENTITLEMENTS = ApplePayTest/ApplePayTest.entitlements;
				CODE_SIGN_STYLE = Automatic;
				CURRENT_PROJECT_VERSION = 1;
				DEVELOPMENT_ASSET_PATHS = "\"ApplePayTest/Preview Content\"";
				DEVELOPMENT_TEAM = 5PNV6G957X;
				ENABLE_PREVIEWS = YES;
				GENERATE_INFOPLIST_FILE = YES;
				INFOPLIST_KEY_UIApplicationSceneManifest_Generation = YES;
				INFOPLIST_KEY_UIApplicationSupportsIndirectInputEvents = YES;
				INFOPLIST_KEY_UILaunchScreen_Generation = YES;
				INFOPLIST_KEY_UISupportedInterfaceOrientations_iPad = "UIInterfaceOrientationPortrait UIInterfaceOrientationPortraitUpsideDown UIInterfaceOrientationLandscapeLeft UIInterfaceOrientationLandscapeRight";
				INFOPLIST_KEY_UISupportedInterfaceOrientations_iPhone = "UIInterfaceOrientationPortrait UIInterfaceOrientationLandscapeLeft UIInterfaceOrientationLandscapeRight";
				LD_RUNPATH_SEARCH_PATHS = (
					"$(inherited)",
					"@executable_path/Frameworks",
				);
				MARKETING_VERSION = 1.0;
				OFFERING_APPLE_PAY_BUNDLE_PREFIX = com.joforsell.ApplePayTest;
				PRODUCT_BUNDLE_IDENTIFIER = com.joforsell.ApplePayTest;
				PRODUCT_NAME = "$(TARGET_NAME)";
				SWIFT_EMIT_LOC_STRINGS = YES;
				SWIFT_VERSION = 5.0;
				TARGETED_DEVICE_FAMILY = "1,2";
			};
			name = Debug;
		};
		3E78E4FF28A975CE00FC7D57 /* Release */ = {
			isa = XCBuildConfiguration;
			buildSettings = {
				ASSETCATALOG_COMPILER_APPICON_NAME = AppIcon;
				ASSETCATALOG_COMPILER_GLOBAL_ACCENT_COLOR_NAME = AccentColor;
				CODE_SIGN_ENTITLEMENTS = ApplePayTest/ApplePayTest.entitlements;
				CODE_SIGN_STYLE = Automatic;
				CURRENT_PROJECT_VERSION = 1;
				DEVELOPMENT_ASSET_PATHS = "\"ApplePayTest/Preview Content\"";
				DEVELOPMENT_TEAM = 5PNV6G957X;
				ENABLE_PREVIEWS = YES;
				GENERATE_INFOPLIST_FILE = YES;
				INFOPLIST_KEY_UIApplicationSceneManifest_Generation = YES;
				INFOPLIST_KEY_UIApplicationSupportsIndirectInputEvents = YES;
				INFOPLIST_KEY_UILaunchScreen_Generation = YES;
				INFOPLIST_KEY_UISupportedInterfaceOrientations_iPad = "UIInterfaceOrientationPortrait UIInterfaceOrientationPortraitUpsideDown UIInterfaceOrientationLandscapeLeft UIInterfaceOrientationLandscapeRight";
				INFOPLIST_KEY_UISupportedInterfaceOrientations_iPhone = "UIInterfaceOrientationPortrait UIInterfaceOrientationLandscapeLeft UIInterfaceOrientationLandscapeRight";
				LD_RUNPATH_SEARCH_PATHS = (
					"$(inherited)",
					"@executable_path/Frameworks",
				);
				MARKETING_VERSION = 1.0;
				OFFERING_APPLE_PAY_BUNDLE_PREFIX = com.joforsell.ApplePayTest;
				PRODUCT_BUNDLE_IDENTIFIER = com.joforsell.ApplePayTest;
				PRODUCT_NAME = "$(TARGET_NAME)";
				SWIFT_EMIT_LOC_STRINGS = YES;
				SWIFT_VERSION = 5.0;
				TARGETED_DEVICE_FAMILY = "1,2";
			};
			name = Release;
		};
		3E78E50128A975CE00FC7D57 /* Debug */ = {
			isa = XCBuildConfiguration;
			buildSettings = {
				ALWAYS_EMBED_SWIFT_STANDARD_LIBRARIES = YES;
				BUNDLE_LOADER = "$(TEST_HOST)";
				CODE_SIGN_STYLE = Automatic;
				CURRENT_PROJECT_VERSION = 1;
				DEVELOPMENT_TEAM = 5PNV6G957X;
				GENERATE_INFOPLIST_FILE = YES;
				IPHONEOS_DEPLOYMENT_TARGET = 15.4;
				MARKETING_VERSION = 1.0;
				PRODUCT_BUNDLE_IDENTIFIER = com.joforsell.ApplePayTestTests;
				PRODUCT_NAME = "$(TARGET_NAME)";
				SWIFT_EMIT_LOC_STRINGS = NO;
				SWIFT_VERSION = 5.0;
				TARGETED_DEVICE_FAMILY = "1,2";
				TEST_HOST = "$(BUILT_PRODUCTS_DIR)/ApplePayTest.app/ApplePayTest";
			};
			name = Debug;
		};
		3E78E50228A975CE00FC7D57 /* Release */ = {
			isa = XCBuildConfiguration;
			buildSettings = {
				ALWAYS_EMBED_SWIFT_STANDARD_LIBRARIES = YES;
				BUNDLE_LOADER = "$(TEST_HOST)";
				CODE_SIGN_STYLE = Automatic;
				CURRENT_PROJECT_VERSION = 1;
				DEVELOPMENT_TEAM = 5PNV6G957X;
				GENERATE_INFOPLIST_FILE = YES;
				IPHONEOS_DEPLOYMENT_TARGET = 15.4;
				MARKETING_VERSION = 1.0;
				PRODUCT_BUNDLE_IDENTIFIER = com.joforsell.ApplePayTestTests;
				PRODUCT_NAME = "$(TARGET_NAME)";
				SWIFT_EMIT_LOC_STRINGS = NO;
				SWIFT_VERSION = 5.0;
				TARGETED_DEVICE_FAMILY = "1,2";
				TEST_HOST = "$(BUILT_PRODUCTS_DIR)/ApplePayTest.app/ApplePayTest";
			};
			name = Release;
		};
		3E78E50428A975CE00FC7D57 /* Debug */ = {
			isa = XCBuildConfiguration;
			buildSettings = {
				ALWAYS_EMBED_SWIFT_STANDARD_LIBRARIES = YES;
				CODE_SIGN_STYLE = Automatic;
				CURRENT_PROJECT_VERSION = 1;
				DEVELOPMENT_TEAM = 5PNV6G957X;
				GENERATE_INFOPLIST_FILE = YES;
				MARKETING_VERSION = 1.0;
				PRODUCT_BUNDLE_IDENTIFIER = com.joforsell.ApplePayTestUITests;
				PRODUCT_NAME = "$(TARGET_NAME)";
				SWIFT_EMIT_LOC_STRINGS = NO;
				SWIFT_VERSION = 5.0;
				TARGETED_DEVICE_FAMILY = "1,2";
				TEST_TARGET_NAME = ApplePayTest;
			};
			name = Debug;
		};
		3E78E50528A975CE00FC7D57 /* Release */ = {
			isa = XCBuildConfiguration;
			buildSettings = {
				ALWAYS_EMBED_SWIFT_STANDARD_LIBRARIES = YES;
				CODE_SIGN_STYLE = Automatic;
				CURRENT_PROJECT_VERSION = 1;
				DEVELOPMENT_TEAM = 5PNV6G957X;
				GENERATE_INFOPLIST_FILE = YES;
				MARKETING_VERSION = 1.0;
				PRODUCT_BUNDLE_IDENTIFIER = com.joforsell.ApplePayTestUITests;
				PRODUCT_NAME = "$(TARGET_NAME)";
				SWIFT_EMIT_LOC_STRINGS = NO;
				SWIFT_VERSION = 5.0;
				TARGETED_DEVICE_FAMILY = "1,2";
				TEST_TARGET_NAME = ApplePayTest;
			};
			name = Release;
		};
/* End XCBuildConfiguration section */

/* Begin XCConfigurationList section */
		3E78E4D428A975CC00FC7D57 /* Build configuration list for PBXProject "ApplePayTest" */ = {
			isa = XCConfigurationList;
			buildConfigurations = (
				3E78E4FB28A975CE00FC7D57 /* Debug */,
				3E78E4FC28A975CE00FC7D57 /* Release */,
			);
			defaultConfigurationIsVisible = 0;
			defaultConfigurationName = Release;
		};
		3E78E4FD28A975CE00FC7D57 /* Build configuration list for PBXNativeTarget "ApplePayTest" */ = {
			isa = XCConfigurationList;
			buildConfigurations = (
				3E78E4FE28A975CE00FC7D57 /* Debug */,
				3E78E4FF28A975CE00FC7D57 /* Release */,
			);
			defaultConfigurationIsVisible = 0;
			defaultConfigurationName = Release;
		};
		3E78E50028A975CE00FC7D57 /* Build configuration list for PBXNativeTarget "ApplePayTestTests" */ = {
			isa = XCConfigurationList;
			buildConfigurations = (
				3E78E50128A975CE00FC7D57 /* Debug */,
				3E78E50228A975CE00FC7D57 /* Release */,
			);
			defaultConfigurationIsVisible = 0;
			defaultConfigurationName = Release;
		};
		3E78E50328A975CE00FC7D57 /* Build configuration list for PBXNativeTarget "ApplePayTestUITests" */ = {
			isa = XCConfigurationList;
			buildConfigurations = (
				3E78E50428A975CE00FC7D57 /* Debug */,
				3E78E50528A975CE00FC7D57 /* Release */,
			);
			defaultConfigurationIsVisible = 0;
			defaultConfigurationName = Release;
		};
/* End XCConfigurationList section */
	};
	rootObject = 3E78E4D128A975CC00FC7D57 /* Project object */;
}
